
Microsoft Visual Studio Solution File, Format Version 12.00
# Visual Studio 15
VisualStudioVersion = 15.0.28307.1169
MinimumVisualStudioVersion = 10.0.40219.1
Project("{FAE04EC0-301F-11D3-BF4B-00C04F79EFBC}") = "ComaxTestWF", "ComaxTestWF\ComaxTestWF.csproj", "{B3258F82-8B4D-467D-B1C9-0E13157EB136}"
EndProject
Global
	GlobalSection(SolutionConfigurationPlatforms) = preSolution
		Debug|Any CPU = Debug|Any CPU
		Release|Any CPU = Release|Any CPU
	EndGlobalSection
	GlobalSection(ProjectConfigurationPlatforms) = postSolution
		{B3258F82-8B4D-467D-B1C9-0E13157EB136}.Debug|Any CPU.ActiveCfg = Debug|Any CPU
		{B3258F82-8B4D-467D-B1C9-0E13157EB136}.Debug|Any CPU.Build.0 = Debug|Any CPU
		{B3258F82-8B4D-467D-B1C9-0E13157EB136}.Release|Any CPU.ActiveCfg = Release|Any CPU
		{B3258F82-8B4D-467D-B1C9-0E13157EB136}.Release|Any CPU.Build.0 = Release|Any CPU
	EndGlobalSection
	GlobalSection(SolutionProperties) = preSolution
		HideSolutionNode = FALSE
	EndGlobalSection
	GlobalSection(ExtensibilityGlobals) = postSolution
		SolutionGuid = {E63132D9-7D90-4DFC-8E85-3FCB0CF9F6B7}
	EndGlobalSection
EndGlobal
